
Microsoft Visual Studio Solution File, Format Version 12.00
# Visual Studio Version 16
VisualStudioVersion = 16.0.31613.86
MinimumVisualStudioVersion = 10.0.40219.1
Project("{FAE04EC0-301F-11D3-BF4B-00C04F79EFBC}") = "DemoClient", "DemoClient\DemoClient.csproj", "{0A742E3A-9639-439A-B5A6-9D8C71603B68}"
EndProject
Global
	GlobalSection(SolutionConfigurationPlatforms) = preSolution
		Debug|Any CPU = Debug|Any CPU
		Release|Any CPU = Release|Any CPU
	EndGlobalSection
	GlobalSection(ProjectConfigurationPlatforms) = postSolution
		{0A742E3A-9639-439A-B5A6-9D8C71603B68}.Debug|Any CPU.ActiveCfg = Debug|Any CPU
		{0A742E3A-9639-439A-B5A6-9D8C71603B68}.Debug|Any CPU.Build.0 = Debug|Any CPU
		{0A742E3A-9639-439A-B5A6-9D8C71603B68}.Release|Any CPU.ActiveCfg = Release|Any CPU
		{0A742E3A-9639-439A-B5A6-9D8C71603B68}.Release|Any CPU.Build.0 = Release|Any CPU
	EndGlobalSection
	GlobalSection(SolutionProperties) = preSolution
		HideSolutionNode = FALSE
	EndGlobalSection
	GlobalSection(ExtensibilityGlobals) = postSolution
		SolutionGuid = {D717EAE5-904A-4D04-9867-3D0B5A8A6ABE}
	EndGlobalSection
EndGlobal
